{
  "version": 4,
  "terraform_version": "1.6.6",
  "serial": 33,
  "lineage": "1f58e078-9cb3-b4a6-f118-dfd150a23634",
  "outputs": {
    "content": {
      "value": "output value",
      "type": "string"
    },
    "data-source-result": {
      "value": "b3V0cHV0IHZhbHVl",
      "type": "string"
    },
    "file-id": {
      "value": "5d39dcd5d51c113fc09522ea4db0a1934c6bbcba",
      "type": "string"
    }
  },
  "resources": [
    {
      "mode": "data",
      "type": "local_file",
      "name": "content-examplo",
      "provider": "provider[\"registry.terraform.io/hashicorp/local\"]",
      "instances": [
        {
          "schema_version": 0,
          "attributes": {
            "content": "output value",
            "content_base64": "b3V0cHV0IHZhbHVl",
            "content_base64sha256": "26a7Vqv7crARUOLt2DihwPBdDxG0uHU8p6Y8X4ewRe8=",
            "content_base64sha512": "s2IUMpA4eh2NdG3eW3RQDgdytH+7qDj+tJpkBvy7876J4E/feCoE+iP0+j5zdygqZ2M9m8zLoHne9DOMbBT8hA==",
            "content_md5": "2da3790dfa1ea61bfaec019eae64777a",
            "content_sha1": "5d39dcd5d51c113fc09522ea4db0a1934c6bbcba",
            "content_sha256": "dba6bb56abfb72b01150e2edd838a1c0f05d0f11b4b8753ca7a63c5f87b045ef",
            "content_sha512": "b362143290387a1d8d746dde5b74500e0772b47fbba838feb49a6406fcbbf3be89e04fdf782a04fa23f4fa3e7377282a67633d9bcccba079def4338c6c14fc84",
            "filename": "examplo.txt",
            "id": "5d39dcd5d51c113fc09522ea4db0a1934c6bbcba"
          },
          "sensitive_attributes": []
        }
      ]
    },
    {
      "mode": "managed",
      "type": "local_file",
      "name": "example",
      "provider": "provider[\"registry.terraform.io/hashicorp/local\"]",
      "instances": [
        {
          "schema_version": 0,
          "attributes": {
            "content": "output value",
            "content_base64": null,
            "content_base64sha256": "26a7Vqv7crARUOLt2DihwPBdDxG0uHU8p6Y8X4ewRe8=",
            "content_base64sha512": "s2IUMpA4eh2NdG3eW3RQDgdytH+7qDj+tJpkBvy7876J4E/feCoE+iP0+j5zdygqZ2M9m8zLoHne9DOMbBT8hA==",
            "content_md5": "2da3790dfa1ea61bfaec019eae64777a",
            "content_sha1": "5d39dcd5d51c113fc09522ea4db0a1934c6bbcba",
            "content_sha256": "dba6bb56abfb72b01150e2edd838a1c0f05d0f11b4b8753ca7a63c5f87b045ef",
            "content_sha512": "b362143290387a1d8d746dde5b74500e0772b47fbba838feb49a6406fcbbf3be89e04fdf782a04fa23f4fa3e7377282a67633d9bcccba079def4338c6c14fc84",
            "directory_permission": "0777",
            "file_permission": "0777",
            "filename": "examplo.txt",
            "id": "5d39dcd5d51c113fc09522ea4db0a1934c6bbcba",
            "sensitive_content": null,
            "source": null
          },
          "sensitive_attributes": []
        }
      ]
    }
  ],
  "check_results": null
}
